
Microsoft Visual Studio Solution File, Format Version 12.00
# Visual Studio 15
Project("{FAE04EC0-301F-11D3-BF4B-00C04F79EFBC}") = "Assembly-CSharp", "Assembly-CSharp.csproj", "{AE09FF50-99E1-941B-A17E-7EC11BC9F14E}"
EndProject
Project("{FAE04EC0-301F-11D3-BF4B-00C04F79EFBC}") = "Assembly-CSharp-Editor", "Assembly-CSharp-Editor.csproj", "{DC4A69BD-2C57-E8ED-60A1-A0E69E19F84D}"
EndProject
Global
	GlobalSection(SolutionConfigurationPlatforms) = preSolution
		Debug|Any CPU = Debug|Any CPU
		Release|Any CPU = Release|Any CPU
	EndGlobalSection
	GlobalSection(ProjectConfigurationPlatforms) = postSolution
		{AE09FF50-99E1-941B-A17E-7EC11BC9F14E}.Debug|Any CPU.ActiveCfg = Debug|Any CPU
		{AE09FF50-99E1-941B-A17E-7EC11BC9F14E}.Debug|Any CPU.Build.0 = Debug|Any CPU
		{AE09FF50-99E1-941B-A17E-7EC11BC9F14E}.Release|Any CPU.ActiveCfg = Release|Any CPU
		{AE09FF50-99E1-941B-A17E-7EC11BC9F14E}.Release|Any CPU.Build.0 = Release|Any CPU
		{DC4A69BD-2C57-E8ED-60A1-A0E69E19F84D}.Debug|Any CPU.ActiveCfg = Debug|Any CPU
		{DC4A69BD-2C57-E8ED-60A1-A0E69E19F84D}.Debug|Any CPU.Build.0 = Debug|Any CPU
		{DC4A69BD-2C57-E8ED-60A1-A0E69E19F84D}.Release|Any CPU.ActiveCfg = Release|Any CPU
		{DC4A69BD-2C57-E8ED-60A1-A0E69E19F84D}.Release|Any CPU.Build.0 = Release|Any CPU
	EndGlobalSection
	GlobalSection(SolutionProperties) = preSolution
		HideSolutionNode = FALSE
	EndGlobalSection
EndGlobal
